lockfileVersion: 5.4

specifiers:
  '@scure/bip39': ^1.1.0
  '@types/node': ^18.11.18
  typescript: ^4.9.4

dependencies:
  '@scure/bip39': 1.1.0

devDependencies:
  '@types/node': 18.11.18
  typescript: 4.9.4

packages:

  /@noble/hashes/1.1.5:
    resolution: {integrity: sha512-LTMZiiLc+V4v1Yi16TD6aX2gmtKszNye0pQgbaLqkvhIqP7nVsSaJsWloGQjJfJ8offaoP5GtX3yY5swbcJxxQ==}
    dev: false

  /@scure/base/1.1.1:
    resolution: {integrity: sha512-ZxOhsSyxYwLJj3pLZCefNitxsj093tb2vq90mp2txoYeBqbcjDjqFhyM8eUjq/uFm6zJ+mUuqxlS2FkuSY1MTA==}
    dev: false

  /@scure/bip39/1.1.0:
    resolution: {integrity: sha512-pwrPOS16VeTKg98dYXQyIjJEcWfz7/1YJIwxUEPFfQPtc86Ym/1sVgQ2RLoD43AazMk2l/unK4ITySSpW2+82w==}
    dependencies:
      '@noble/hashes': 1.1.5
      '@scure/base': 1.1.1
    dev: false

  /@types/node/18.11.18:
    resolution: {integrity: sha512-DHQpWGjyQKSHj3ebjFI/wRKcqQcdR+MoFBygntYOZytCqNfkd2ZC4ARDJ2DQqhjH5p85Nnd3jhUJIXrszFX/JA==}
    dev: true

  /typescript/4.9.4:
    resolution: {integrity: sha512-Uz+dTXYzxXXbsFpM86Wh3dKCxrQqUcVMxwU54orwlJjOpO3ao8L7j5lH+dWfTwgCwIuM9GQ2kvVotzYJMXTBZg==}
    engines: {node: '>=4.2.0'}
    hasBin: true
    dev: true
